
Microsoft Visual Studio Solution File, Format Version 12.00
# Visual Studio 2012
Project("{FAE04EC0-301F-11D3-BF4B-00C04F79EFBC}") = "Trollo", "Trollo\Trollo.csproj", "{F579FA3B-63F3-4697-AC00-5B899B96C4B3}"
EndProject
Project("{FAE04EC0-301F-11D3-BF4B-00C04F79EFBC}") = "TrolloServiceApp", "TrolloServiceApp\TrolloServiceApp.csproj", "{B7449BA4-0B70-4B08-9B85-94DA8E971981}"
EndProject
Global
	GlobalSection(SolutionConfigurationPlatforms) = preSolution
		Debug|Any CPU = Debug|Any CPU
		Release|Any CPU = Release|Any CPU
	EndGlobalSection
	GlobalSection(ProjectConfigurationPlatforms) = postSolution
		{F579FA3B-63F3-4697-AC00-5B899B96C4B3}.Debug|Any CPU.ActiveCfg = Debug|Any CPU
		{F579FA3B-63F3-4697-AC00-5B899B96C4B3}.Debug|Any CPU.Build.0 = Debug|Any CPU
		{F579FA3B-63F3-4697-AC00-5B899B96C4B3}.Release|Any CPU.ActiveCfg = Release|Any CPU
		{F579FA3B-63F3-4697-AC00-5B899B96C4B3}.Release|Any CPU.Build.0 = Release|Any CPU
		{B7449BA4-0B70-4B08-9B85-94DA8E971981}.Debug|Any CPU.ActiveCfg = Debug|Any CPU
		{B7449BA4-0B70-4B08-9B85-94DA8E971981}.Debug|Any CPU.Build.0 = Debug|Any CPU
		{B7449BA4-0B70-4B08-9B85-94DA8E971981}.Release|Any CPU.ActiveCfg = Release|Any CPU
		{B7449BA4-0B70-4B08-9B85-94DA8E971981}.Release|Any CPU.Build.0 = Release|Any CPU
	EndGlobalSection
	GlobalSection(SolutionProperties) = preSolution
		HideSolutionNode = FALSE
	EndGlobalSection
EndGlobal
